
Microsoft Visual Studio Solution File, Format Version 12.00
# Visual Studio Version 16
VisualStudioVersion = 16.0.32901.82
MinimumVisualStudioVersion = 10.0.40219.1
Project("{8BC9CEB8-8B4A-11D0-8D11-00A0C91BC942}") = "LunkyBox", "LunkyBox\LunkyBox.vcxproj", "{D28EF2F5-2693-44EA-8A50-7949D71B2249}"
EndProject
Project("{8BC9CEB8-8B4A-11D0-8D11-00A0C91BC942}") = "LunkyBoxInjector", "LunkyBoxInjector\LunkyBoxInjector.vcxproj", "{FC05B746-3612-4D80-B17F-BE10126A4DF3}"
EndProject
Project("{8BC9CEB8-8B4A-11D0-8D11-00A0C91BC942}") = "LunkyBoxGOG", "LunkyBoxGOG\LunkyBoxGOG.vcxproj", "{1107FFA7-138B-4AAA-8028-145EA5BBD164}"
EndProject
Global
	GlobalSection(SolutionConfigurationPlatforms) = preSolution
		Release|x86 = Release|x86
	EndGlobalSection
	GlobalSection(ProjectConfigurationPlatforms) = postSolution
		{D28EF2F5-2693-44EA-8A50-7949D71B2249}.Release|x86.ActiveCfg = Release|Win32
		{D28EF2F5-2693-44EA-8A50-7949D71B2249}.Release|x86.Build.0 = Release|Win32
		{FC05B746-3612-4D80-B17F-BE10126A4DF3}.Release|x86.ActiveCfg = Release|Win32
		{FC05B746-3612-4D80-B17F-BE10126A4DF3}.Release|x86.Build.0 = Release|Win32
		{1107FFA7-138B-4AAA-8028-145EA5BBD164}.Release|x86.ActiveCfg = Release|Win32
		{1107FFA7-138B-4AAA-8028-145EA5BBD164}.Release|x86.Build.0 = Release|Win32
	EndGlobalSection
	GlobalSection(SolutionProperties) = preSolution
		HideSolutionNode = FALSE
	EndGlobalSection
	GlobalSection(ExtensibilityGlobals) = postSolution
		SolutionGuid = {A255D971-AFDB-48E4-9512-A2FAF892AA93}
	EndGlobalSection
EndGlobal
